
Microsoft Visual Studio Solution File, Format Version 12.00
# Visual Studio Version 16
VisualStudioVersion = 16.0.31019.35
MinimumVisualStudioVersion = 10.0.40219.1
Project("{FAE04EC0-301F-11D3-BF4B-00C04F79EFBC}") = "RSVP", "RSVP\RSVP.csproj", "{B997A7F7-0C73-45AA-9380-C2F56BF2B28A}"
EndProject
Project("{9A19103F-16F7-4668-BE54-9A1E7A4F7556}") = "RazorPagesMovie", "RazorPagesMovie\RazorPagesMovie.csproj", "{BD965C41-EDE5-4249-8F51-D193B1EC9964}"
EndProject
Project("{FAE04EC0-301F-11D3-BF4B-00C04F79EFBC}") = "MvcDataViews", "MvcDataViews\MvcDataViews.csproj", "{BBFD1561-C725-4729-B7C0-82AD907CA9F6}"
EndProject
Project("{FAE04EC0-301F-11D3-BF4B-00C04F79EFBC}") = "WebMVCR1", "WebMVCR1\WebMVCR1.csproj", "{57A2545A-9B3B-4172-B41C-A11CE3DCB0C1}"
EndProject
Project("{2150E333-8FDC-42A3-9474-1A3956D46DE8}") = "WinForms", "WinForms", "{B663C063-9232-43AD-A950-DC1BC456B3C6}"
EndProject
Project("{2150E333-8FDC-42A3-9474-1A3956D46DE8}") = "RazorPages", "RazorPages", "{51ED9998-9855-4935-8AB6-59E9D1F2A2CB}"
EndProject
Project("{2150E333-8FDC-42A3-9474-1A3956D46DE8}") = "MVC", "MVC", "{E5C39739-3931-422F-8EC1-4CA645E12082}"
EndProject
Project("{9A19103F-16F7-4668-BE54-9A1E7A4F7556}") = "WebAppCoreProduct", "WebAppCoreProduct\WebAppCoreProduct.csproj", "{6EA47A0A-8278-4F19-A3F6-761CEE261CB1}"
EndProject
Project("{FAE04EC0-301F-11D3-BF4B-00C04F79EFBC}") = "MvcCreditApp1", "MvcCreditApp1\MvcCreditApp1.csproj", "{1EC5EB6F-F672-4C63-8488-344F5E5B8B50}"
EndProject
Global
	GlobalSection(SolutionConfigurationPlatforms) = preSolution
		Debug|Any CPU = Debug|Any CPU
		Release|Any CPU = Release|Any CPU
	EndGlobalSection
	GlobalSection(ProjectConfigurationPlatforms) = postSolution
		{B997A7F7-0C73-45AA-9380-C2F56BF2B28A}.Debug|Any CPU.ActiveCfg = Debug|Any CPU
		{B997A7F7-0C73-45AA-9380-C2F56BF2B28A}.Debug|Any CPU.Build.0 = Debug|Any CPU
		{B997A7F7-0C73-45AA-9380-C2F56BF2B28A}.Release|Any CPU.ActiveCfg = Release|Any CPU
		{B997A7F7-0C73-45AA-9380-C2F56BF2B28A}.Release|Any CPU.Build.0 = Release|Any CPU
		{BD965C41-EDE5-4249-8F51-D193B1EC9964}.Debug|Any CPU.ActiveCfg = Debug|Any CPU
		{BD965C41-EDE5-4249-8F51-D193B1EC9964}.Debug|Any CPU.Build.0 = Debug|Any CPU
		{BD965C41-EDE5-4249-8F51-D193B1EC9964}.Release|Any CPU.ActiveCfg = Release|Any CPU
		{BD965C41-EDE5-4249-8F51-D193B1EC9964}.Release|Any CPU.Build.0 = Release|Any CPU
		{BBFD1561-C725-4729-B7C0-82AD907CA9F6}.Debug|Any CPU.ActiveCfg = Debug|Any CPU
		{BBFD1561-C725-4729-B7C0-82AD907CA9F6}.Debug|Any CPU.Build.0 = Debug|Any CPU
		{BBFD1561-C725-4729-B7C0-82AD907CA9F6}.Release|Any CPU.ActiveCfg = Release|Any CPU
		{BBFD1561-C725-4729-B7C0-82AD907CA9F6}.Release|Any CPU.Build.0 = Release|Any CPU
		{57A2545A-9B3B-4172-B41C-A11CE3DCB0C1}.Debug|Any CPU.ActiveCfg = Debug|Any CPU
		{57A2545A-9B3B-4172-B41C-A11CE3DCB0C1}.Debug|Any CPU.Build.0 = Debug|Any CPU
		{57A2545A-9B3B-4172-B41C-A11CE3DCB0C1}.Release|Any CPU.ActiveCfg = Release|Any CPU
		{57A2545A-9B3B-4172-B41C-A11CE3DCB0C1}.Release|Any CPU.Build.0 = Release|Any CPU
		{6EA47A0A-8278-4F19-A3F6-761CEE261CB1}.Debug|Any CPU.ActiveCfg = Debug|Any CPU
		{6EA47A0A-8278-4F19-A3F6-761CEE261CB1}.Debug|Any CPU.Build.0 = Debug|Any CPU
		{6EA47A0A-8278-4F19-A3F6-761CEE261CB1}.Release|Any CPU.ActiveCfg = Release|Any CPU
		{6EA47A0A-8278-4F19-A3F6-761CEE261CB1}.Release|Any CPU.Build.0 = Release|Any CPU
		{1EC5EB6F-F672-4C63-8488-344F5E5B8B50}.Debug|Any CPU.ActiveCfg = Debug|Any CPU
		{1EC5EB6F-F672-4C63-8488-344F5E5B8B50}.Debug|Any CPU.Build.0 = Debug|Any CPU
		{1EC5EB6F-F672-4C63-8488-344F5E5B8B50}.Release|Any CPU.ActiveCfg = Release|Any CPU
		{1EC5EB6F-F672-4C63-8488-344F5E5B8B50}.Release|Any CPU.Build.0 = Release|Any CPU
	EndGlobalSection
	GlobalSection(SolutionProperties) = preSolution
		HideSolutionNode = FALSE
	EndGlobalSection
	GlobalSection(NestedProjects) = preSolution
		{B997A7F7-0C73-45AA-9380-C2F56BF2B28A} = {B663C063-9232-43AD-A950-DC1BC456B3C6}
		{BD965C41-EDE5-4249-8F51-D193B1EC9964} = {51ED9998-9855-4935-8AB6-59E9D1F2A2CB}
		{BBFD1561-C725-4729-B7C0-82AD907CA9F6} = {E5C39739-3931-422F-8EC1-4CA645E12082}
		{57A2545A-9B3B-4172-B41C-A11CE3DCB0C1} = {E5C39739-3931-422F-8EC1-4CA645E12082}
		{6EA47A0A-8278-4F19-A3F6-761CEE261CB1} = {51ED9998-9855-4935-8AB6-59E9D1F2A2CB}
		{1EC5EB6F-F672-4C63-8488-344F5E5B8B50} = {E5C39739-3931-422F-8EC1-4CA645E12082}
	EndGlobalSection
	GlobalSection(ExtensibilityGlobals) = postSolution
		SolutionGuid = {FE38C1FD-DF5E-44AA-A3B0-2EDA6054269F}
	EndGlobalSection
EndGlobal
